
Microsoft Visual Studio Solution File, Format Version 12.00
# Visual Studio 15
VisualStudioVersion = 15.0.26430.14
MinimumVisualStudioVersion = 10.0.40219.1
Project("{FAE04EC0-301F-11D3-BF4B-00C04F79EFBC}") = "01. Class Box", "01. Class Box\01. Class Box.csproj", "{49E36E67-D02D-482D-A383-46255644044F}"
EndProject
Project("{FAE04EC0-301F-11D3-BF4B-00C04F79EFBC}") = "02. Class Box Data Validation", "02. Class Box Data Validation\02. Class Box Data Validation.csproj", "{0F1A4317-9B48-4F69-A1A0-8A89E01DBFCE}"
EndProject
Project("{FAE04EC0-301F-11D3-BF4B-00C04F79EFBC}") = "03. AnimalFarm", "03. AnimalFarm\03. AnimalFarm.csproj", "{32AEC171-3440-43ED-822B-E7F89C5A8651}"
EndProject
Project("{FAE04EC0-301F-11D3-BF4B-00C04F79EFBC}") = "04. Shopping Spree", "04. Shopping Spree\04. Shopping Spree.csproj", "{AE146167-3BFA-4B4F-A2EF-BE0332A756BD}"
EndProject
Project("{FAE04EC0-301F-11D3-BF4B-00C04F79EFBC}") = "05. Pizza Calories", "05. Pizza Calories\05. Pizza Calories.csproj", "{3CF342B9-25AC-46A4-9ED8-1F9FE2BCC6B2}"
EndProject
Project("{FAE04EC0-301F-11D3-BF4B-00C04F79EFBC}") = "06. Football Team Generator", "06. Football Team Generator\06. Football Team Generator.csproj", "{11BC8231-4772-4BF1-A1FF-CF8567D5A56A}"
EndProject
Global
	GlobalSection(SolutionConfigurationPlatforms) = preSolution
		Debug|Any CPU = Debug|Any CPU
		Release|Any CPU = Release|Any CPU
	EndGlobalSection
	GlobalSection(ProjectConfigurationPlatforms) = postSolution
		{49E36E67-D02D-482D-A383-46255644044F}.Debug|Any CPU.ActiveCfg = Debug|Any CPU
		{49E36E67-D02D-482D-A383-46255644044F}.Debug|Any CPU.Build.0 = Debug|Any CPU
		{49E36E67-D02D-482D-A383-46255644044F}.Release|Any CPU.ActiveCfg = Release|Any CPU
		{49E36E67-D02D-482D-A383-46255644044F}.Release|Any CPU.Build.0 = Release|Any CPU
		{0F1A4317-9B48-4F69-A1A0-8A89E01DBFCE}.Debug|Any CPU.ActiveCfg = Debug|Any CPU
		{0F1A4317-9B48-4F69-A1A0-8A89E01DBFCE}.Debug|Any CPU.Build.0 = Debug|Any CPU
		{0F1A4317-9B48-4F69-A1A0-8A89E01DBFCE}.Release|Any CPU.ActiveCfg = Release|Any CPU
		{0F1A4317-9B48-4F69-A1A0-8A89E01DBFCE}.Release|Any CPU.Build.0 = Release|Any CPU
		{32AEC171-3440-43ED-822B-E7F89C5A8651}.Debug|Any CPU.ActiveCfg = Debug|Any CPU
		{32AEC171-3440-43ED-822B-E7F89C5A8651}.Debug|Any CPU.Build.0 = Debug|Any CPU
		{32AEC171-3440-43ED-822B-E7F89C5A8651}.Release|Any CPU.ActiveCfg = Release|Any CPU
		{32AEC171-3440-43ED-822B-E7F89C5A8651}.Release|Any CPU.Build.0 = Release|Any CPU
		{AE146167-3BFA-4B4F-A2EF-BE0332A756BD}.Debug|Any CPU.ActiveCfg = Debug|Any CPU
		{AE146167-3BFA-4B4F-A2EF-BE0332A756BD}.Debug|Any CPU.Build.0 = Debug|Any CPU
		{AE146167-3BFA-4B4F-A2EF-BE0332A756BD}.Release|Any CPU.ActiveCfg = Release|Any CPU
		{AE146167-3BFA-4B4F-A2EF-BE0332A756BD}.Release|Any CPU.Build.0 = Release|Any CPU
		{3CF342B9-25AC-46A4-9ED8-1F9FE2BCC6B2}.Debug|Any CPU.ActiveCfg = Debug|Any CPU
		{3CF342B9-25AC-46A4-9ED8-1F9FE2BCC6B2}.Debug|Any CPU.Build.0 = Debug|Any CPU
		{3CF342B9-25AC-46A4-9ED8-1F9FE2BCC6B2}.Release|Any CPU.ActiveCfg = Release|Any CPU
		{3CF342B9-25AC-46A4-9ED8-1F9FE2BCC6B2}.Release|Any CPU.Build.0 = Release|Any CPU
		{11BC8231-4772-4BF1-A1FF-CF8567D5A56A}.Debug|Any CPU.ActiveCfg = Debug|Any CPU
		{11BC8231-4772-4BF1-A1FF-CF8567D5A56A}.Debug|Any CPU.Build.0 = Debug|Any CPU
		{11BC8231-4772-4BF1-A1FF-CF8567D5A56A}.Release|Any CPU.ActiveCfg = Release|Any CPU
		{11BC8231-4772-4BF1-A1FF-CF8567D5A56A}.Release|Any CPU.Build.0 = Release|Any CPU
	EndGlobalSection
	GlobalSection(SolutionProperties) = preSolution
		HideSolutionNode = FALSE
	EndGlobalSection
EndGlobal
